<?xml version="1.0" encoding="utf-8"?>
<Project ToolsVersion="4.0" xmlns="http://schemas.microsoft.com/developer/msbuild/2003">
  <ItemGroup>
    <Filter Include="Hpps">
      <UniqueIdentifier>{9f217e6b-1e23-4239-9e17-bb469f2fc7c3}</UniqueIdentifier>
    </Filter>
    <Filter Include="Cpps">
      <UniqueIdentifier>{1f95fc96-e009-4c24-99a7-3926dcc7b672}</UniqueIdentifier>
    </Filter>
    <Filter Include="Shaders">
      <UniqueIdentifier>{eab04dcd-33e3-41da-834c-800f9226e212}</UniqueIdentifier>
    </Filter>
  </ItemGroup>
  <ItemGroup>
    <Text Include="..\Graficos-1\src\3DFragmentShader.txt">
      <Filter>Shaders</Filter>
    </Text>
    <Text Include="..\Graficos-1\src\3DVertexShader.txt">
      <Filter>Shaders</Filter>
    </Text>
    <Text Include="..\Graficos-1\src\SimpleFragmentShader.txt">
      <Filter>Shaders</Filter>
    </Text>
    <Text Include="..\Graficos-1\src\SimpleVertexShader.txt">
      <Filter>Shaders</Filter>
    </Text>
  </ItemGroup>
  <ItemGroup>
    <ClCompile Include="..\src\Engine\CollisionManager.cpp">
      <Filter>Cpps</Filter>
    </ClCompile>
    <ClCompile Include="..\src\Engine\DeltaTime.cpp">
      <Filter>Cpps</Filter>
    </ClCompile>
    <ClCompile Include="..\src\Engine\DirectionalLight.cpp">
      <Filter>Cpps</Filter>
    </ClCompile>
    <ClCompile Include="..\src\Engine\Entity.cpp">
      <Filter>Cpps</Filter>
    </ClCompile>
    <ClCompile Include="..\src\Engine\Entity3D.cpp">
      <Filter>Cpps</Filter>
    </ClCompile>
    <ClCompile Include="..\src\Engine\Input.cpp">
      <Filter>Cpps</Filter>
    </ClCompile>
    <ClCompile Include="..\src\Engine\Light.cpp">
      <Filter>Cpps</Filter>
    </ClCompile>
    <ClCompile Include="..\src\Engine\LightManager.cpp">
      <Filter>Cpps</Filter>
    </ClCompile>
    <ClCompile Include="..\src\Engine\Material.cpp">
      <Filter>Cpps</Filter>
    </ClCompile>
    <ClCompile Include="..\src\Engine\Material3D.cpp">
      <Filter>Cpps</Filter>
    </ClCompile>
    <ClCompile Include="..\src\Engine\Mesh.cpp">
      <Filter>Cpps</Filter>
    </ClCompile>
    <ClCompile Include="..\src\Engine\Model.cpp">
      <Filter>Cpps</Filter>
    </ClCompile>
    <ClCompile Include="..\src\Engine\PointLight.cpp">
      <Filter>Cpps</Filter>
    </ClCompile>
    <ClCompile Include="..\src\Engine\Renderer.cpp">
      <Filter>Cpps</Filter>
    </ClCompile>
    <ClCompile Include="..\src\Engine\Shader.cpp">
      <Filter>Cpps</Filter>
    </ClCompile>
    <ClCompile Include="..\src\Engine\Shape.cpp">
      <Filter>Cpps</Filter>
    </ClCompile>
    <ClCompile Include="..\src\Engine\SpotLight.cpp">
      <Filter>Cpps</Filter>
    </ClCompile>
    <ClCompile Include="..\src\Engine\Sprite.cpp">
      <Filter>Cpps</Filter>
    </ClCompile>
    <ClCompile Include="..\src\Engine\Window.cpp">
      <Filter>Cpps</Filter>
    </ClCompile>
    <ClCompile Include="..\src\Engine\Animation.cpp">
      <Filter>Cpps</Filter>
    </ClCompile>
    <ClCompile Include="..\src\Engine\AssimpImporter.cpp">
      <Filter>Cpps</Filter>
    </ClCompile>
    <ClCompile Include="..\src\Engine\BaseGame.cpp">
      <Filter>Cpps</Filter>
    </ClCompile>
    <ClCompile Include="..\src\Engine\Camera.cpp">
      <Filter>Cpps</Filter>
    </ClCompile>
    <ClCompile Include="..\src\Engine\CollisionBox.cpp">
      <Filter>Cpps</Filter>
    </ClCompile>
    <ClCompile Include="..\src\Engine\Frustum.cpp">
      <Filter>Cpps</Filter>
    </ClCompile>
    <ClCompile Include="..\src\Engine\BSP.cpp">
      <Filter>Cpps</Filter>
    </ClCompile>
  </ItemGroup>
  <ItemGroup>
    <ClInclude Include="..\src\Engine\CollisionManager.h">
      <Filter>Hpps</Filter>
    </ClInclude>
    <ClInclude Include="..\src\Engine\DeltaTime.h">
      <Filter>Hpps</Filter>
    </ClInclude>
    <ClInclude Include="..\src\Engine\DirectionalLight.h">
      <Filter>Hpps</Filter>
    </ClInclude>
    <ClInclude Include="..\src\Engine\Entity.h">
      <Filter>Hpps</Filter>
    </ClInclude>
    <ClInclude Include="..\src\Engine\Entity3D.h">
      <Filter>Hpps</Filter>
    </ClInclude>
    <ClInclude Include="..\src\Engine\Input.h">
      <Filter>Hpps</Filter>
    </ClInclude>
    <ClInclude Include="..\src\Engine\Light.h">
      <Filter>Hpps</Filter>
    </ClInclude>
    <ClInclude Include="..\src\Engine\LightManager.h">
      <Filter>Hpps</Filter>
    </ClInclude>
    <ClInclude Include="..\src\Engine\Material.h">
      <Filter>Hpps</Filter>
    </ClInclude>
    <ClInclude Include="..\src\Engine\Material3D.h">
      <Filter>Hpps</Filter>
    </ClInclude>
    <ClInclude Include="..\src\Engine\Mesh.h">
      <Filter>Hpps</Filter>
    </ClInclude>
    <ClInclude Include="..\src\Engine\Model.h">
      <Filter>Hpps</Filter>
    </ClInclude>
    <ClInclude Include="..\src\Engine\PointLight.h">
      <Filter>Hpps</Filter>
    </ClInclude>
    <ClInclude Include="..\src\Engine\Renderer.h">
      <Filter>Hpps</Filter>
    </ClInclude>
    <ClInclude Include="..\src\Engine\Shader.h">
      <Filter>Hpps</Filter>
    </ClInclude>
    <ClInclude Include="..\src\Engine\Shape.h">
      <Filter>Hpps</Filter>
    </ClInclude>
    <ClInclude Include="..\src\Engine\SpotLight.h">
      <Filter>Hpps</Filter>
    </ClInclude>
    <ClInclude Include="..\src\Engine\Sprite.h">
      <Filter>Hpps</Filter>
    </ClInclude>
    <ClInclude Include="..\src\Engine\stb_image.h">
      <Filter>Hpps</Filter>
    </ClInclude>
    <ClInclude Include="..\src\Engine\Window.h">
      <Filter>Hpps</Filter>
    </ClInclude>
    <ClInclude Include="..\src\Engine\Animation.h">
      <Filter>Hpps</Filter>
    </ClInclude>
    <ClInclude Include="..\src\Engine\AssimpImporter.h">
      <Filter>Hpps</Filter>
    </ClInclude>
    <ClInclude Include="..\src\Engine\BaseGame.h">
      <Filter>Hpps</Filter>
    </ClInclude>
    <ClInclude Include="..\src\Engine\Camera.h">
      <Filter>Hpps</Filter>
    </ClInclude>
    <ClInclude Include="..\src\Engine\CollisionBox.h">
      <Filter>Hpps</Filter>
    </ClInclude>
    <ClInclude Include="..\src\Engine\Frustum.h">
      <Filter>Hpps</Filter>
    </ClInclude>
    <ClInclude Include="..\src\Engine\BSP.h">
      <Filter>Hpps</Filter>
    </ClInclude>
  </ItemGroup>
</Project>