<?xml version="1.0" encoding="utf-8"?>
<Project ToolsVersion="4.0" xmlns="http://schemas.microsoft.com/developer/msbuild/2003">
  <ItemGroup>
    <Filter Include="Hpps">
      <UniqueIdentifier>{9f217e6b-1e23-4239-9e17-bb469f2fc7c3}</UniqueIdentifier>
    </Filter>
    <Filter Include="Cpps">
      <UniqueIdentifier>{1f95fc96-e009-4c24-99a7-3926dcc7b672}</UniqueIdentifier>
    </Filter>
  </ItemGroup>
  <ItemGroup>
    <ClCompile Include="src\BaseGame.cpp">
      <Filter>Cpps</Filter>
    </ClCompile>
    <ClCompile Include="src\Entity.cpp">
      <Filter>Cpps</Filter>
    </ClCompile>
    <ClCompile Include="src\Input.cpp">
      <Filter>Cpps</Filter>
    </ClCompile>
    <ClCompile Include="src\Material.cpp">
      <Filter>Cpps</Filter>
    </ClCompile>
    <ClCompile Include="src\Renderer.cpp">
      <Filter>Cpps</Filter>
    </ClCompile>
    <ClCompile Include="src\Shape.cpp">
      <Filter>Cpps</Filter>
    </ClCompile>
    <ClCompile Include="src\Sprite.cpp">
      <Filter>Cpps</Filter>
    </ClCompile>
    <ClCompile Include="src\Window.cpp">
      <Filter>Cpps</Filter>
    </ClCompile>
    <ClCompile Include="ColisionManager.cpp">
      <Filter>Cpps</Filter>
    </ClCompile>
    <ClCompile Include="src\ColisionManager.cpp" />
  </ItemGroup>
  <ItemGroup>
    <ClInclude Include="src\BaseGame.h">
      <Filter>Hpps</Filter>
    </ClInclude>
    <ClInclude Include="src\Entity.h">
      <Filter>Hpps</Filter>
    </ClInclude>
    <ClInclude Include="src\Input.h">
      <Filter>Hpps</Filter>
    </ClInclude>
    <ClInclude Include="src\Material.h">
      <Filter>Hpps</Filter>
    </ClInclude>
    <ClInclude Include="src\Renderer.h">
      <Filter>Hpps</Filter>
    </ClInclude>
    <ClInclude Include="src\Shape.h">
      <Filter>Hpps</Filter>
    </ClInclude>
    <ClInclude Include="src\Sprite.h">
      <Filter>Hpps</Filter>
    </ClInclude>
    <ClInclude Include="src\stb_image.h">
      <Filter>Hpps</Filter>
    </ClInclude>
    <ClInclude Include="src\Window.h">
      <Filter>Hpps</Filter>
    </ClInclude>
    <ClInclude Include="ColisionManager.h">
      <Filter>Hpps</Filter>
    </ClInclude>
    <ClInclude Include="src\ColisionManager.h" />
  </ItemGroup>
  <ItemGroup>
    <None Include="src\SimpleFragmentShader.fragmentshader" />
    <None Include="src\SimpleVertexShader.vertexshader" />
  </ItemGroup>
</Project>